
Microsoft Visual Studio Solution File, Format Version 12.00
# Visual Studio 15
VisualStudioVersion = 15.0.28307.1525
MinimumVisualStudioVersion = 10.0.40219.1
Project("{FAE04EC0-301F-11D3-BF4B-00C04F79EFBC}") = "GUI_DangKyXeCT", "GUI_DangKyXeCT\GUI_DangKyXeCT.csproj", "{762B63E3-269F-4C62-B25B-D67F6F44372B}"
EndProject
Project("{FAE04EC0-301F-11D3-BF4B-00C04F79EFBC}") = "BUS_DangKyXeCT", "BUS_DangKyXeCT\BUS_DangKyXeCT.csproj", "{96325E26-CBF3-4D62-84DE-6BEF20F87704}"
EndProject
Project("{FAE04EC0-301F-11D3-BF4B-00C04F79EFBC}") = "DAL_DangKyXeCT", "DAL_DangKyXeCT\DAL_DangKyXeCT.csproj", "{FFA0BFB7-44EF-4BE0-886B-B4804C648717}"
EndProject
Project("{FAE04EC0-301F-11D3-BF4B-00C04F79EFBC}") = "DTO_DangKyXeCT", "DTO_DangKyXeCT\DTO_DangKyXeCT.csproj", "{F2C2239A-4863-4ABE-816E-887249F607AB}"
EndProject
Global
	GlobalSection(SolutionConfigurationPlatforms) = preSolution
		Debug|Any CPU = Debug|Any CPU
		Release|Any CPU = Release|Any CPU
	EndGlobalSection
	GlobalSection(ProjectConfigurationPlatforms) = postSolution
		{762B63E3-269F-4C62-B25B-D67F6F44372B}.Debug|Any CPU.ActiveCfg = Debug|Any CPU
		{762B63E3-269F-4C62-B25B-D67F6F44372B}.Debug|Any CPU.Build.0 = Debug|Any CPU
		{762B63E3-269F-4C62-B25B-D67F6F44372B}.Release|Any CPU.ActiveCfg = Release|Any CPU
		{762B63E3-269F-4C62-B25B-D67F6F44372B}.Release|Any CPU.Build.0 = Release|Any CPU
		{96325E26-CBF3-4D62-84DE-6BEF20F87704}.Debug|Any CPU.ActiveCfg = Debug|Any CPU
		{96325E26-CBF3-4D62-84DE-6BEF20F87704}.Debug|Any CPU.Build.0 = Debug|Any CPU
		{96325E26-CBF3-4D62-84DE-6BEF20F87704}.Release|Any CPU.ActiveCfg = Release|Any CPU
		{96325E26-CBF3-4D62-84DE-6BEF20F87704}.Release|Any CPU.Build.0 = Release|Any CPU
		{FFA0BFB7-44EF-4BE0-886B-B4804C648717}.Debug|Any CPU.ActiveCfg = Debug|Any CPU
		{FFA0BFB7-44EF-4BE0-886B-B4804C648717}.Debug|Any CPU.Build.0 = Debug|Any CPU
		{FFA0BFB7-44EF-4BE0-886B-B4804C648717}.Release|Any CPU.ActiveCfg = Release|Any CPU
		{FFA0BFB7-44EF-4BE0-886B-B4804C648717}.Release|Any CPU.Build.0 = Release|Any CPU
		{F2C2239A-4863-4ABE-816E-887249F607AB}.Debug|Any CPU.ActiveCfg = Debug|Any CPU
		{F2C2239A-4863-4ABE-816E-887249F607AB}.Debug|Any CPU.Build.0 = Debug|Any CPU
		{F2C2239A-4863-4ABE-816E-887249F607AB}.Release|Any CPU.ActiveCfg = Release|Any CPU
		{F2C2239A-4863-4ABE-816E-887249F607AB}.Release|Any CPU.Build.0 = Release|Any CPU
	EndGlobalSection
	GlobalSection(SolutionProperties) = preSolution
		HideSolutionNode = FALSE
	EndGlobalSection
	GlobalSection(ExtensibilityGlobals) = postSolution
		SolutionGuid = {426D143C-AE61-4D24-AE91-205B5D874E5A}
	EndGlobalSection
EndGlobal
